{
  "nodes": {
    "nixpkgs": {
      "locked": {
        "lastModified": 1633853057,
        "narHash": "sha256-TUf/NYJlIw7wVMLFt5G4TRwtrnbz+uuXtTEbulxxI8Y=",
        "owner": "nixos",
        "repo": "nixpkgs",
        "rev": "93ca5ab64f78ce778c0bcecf9458263f0f6289b6",
        "type": "github"
      },
      "original": {
        "owner": "nixos",
        "ref": "nixos-21.05",
        "repo": "nixpkgs",
        "type": "github"
      }
    },
    "nixpkgs-stable": {
      "locked": {
        "lastModified": 1633853057,
        "narHash": "sha256-TUf/NYJlIw7wVMLFt5G4TRwtrnbz+uuXtTEbulxxI8Y=",
        "owner": "nixos",
        "repo": "nixpkgs",
        "rev": "93ca5ab64f78ce778c0bcecf9458263f0f6289b6",
        "type": "github"
      },
      "original": {
        "owner": "nixos",
        "ref": "nixos-21.05",
        "repo": "nixpkgs",
        "type": "github"
      }
    },
    "root": {
      "inputs": {
        "nixpkgs": "nixpkgs",
        "nixpkgs-stable": "nixpkgs-stable",
        "utils": "utils"
      }
    },
    "utils": {
      "locked": {
        "lastModified": 1631561581,
        "narHash": "sha256-3VQMV5zvxaVLvqqUrNz3iJelLw30mIVSfZmAaauM3dA=",
        "owner": "numtide",
        "repo": "flake-utils",
        "rev": "7e5bf3925f6fbdfaf50a2a7ca0be2879c4261d19",
        "type": "github"
      },
      "original": {
        "owner": "numtide",
        "repo": "flake-utils",
        "type": "github"
      }
    }
  },
  "root": "root",
  "version": 7
}
